
Microsoft Visual Studio Solution File, Format Version 12.00
# Visual Studio Version 16
VisualStudioVersion = 16.0.29409.12
MinimumVisualStudioVersion = 10.0.40219.1
Project("{FAE04EC0-301F-11D3-BF4B-00C04F79EFBC}") = "AmazingToDoApp", "AmazingToDoApp.csproj", "{4796728F-FBDF-499B-952D-D774F4A12613}"
EndProject
Global
	GlobalSection(SolutionConfigurationPlatforms) = preSolution
		Debug|Any CPU = Debug|Any CPU
		Release|Any CPU = Release|Any CPU
	EndGlobalSection
	GlobalSection(ProjectConfigurationPlatforms) = postSolution
		{4796728F-FBDF-499B-952D-D774F4A12613}.Debug|Any CPU.ActiveCfg = Debug|Any CPU
		{4796728F-FBDF-499B-952D-D774F4A12613}.Debug|Any CPU.Build.0 = Debug|Any CPU
		{4796728F-FBDF-499B-952D-D774F4A12613}.Release|Any CPU.ActiveCfg = Release|Any CPU
		{4796728F-FBDF-499B-952D-D774F4A12613}.Release|Any CPU.Build.0 = Release|Any CPU
	EndGlobalSection
	GlobalSection(SolutionProperties) = preSolution
		HideSolutionNode = FALSE
	EndGlobalSection
	GlobalSection(ExtensibilityGlobals) = postSolution
		SolutionGuid = {1024C258-C06D-46F2-A62F-BA433F049812}
	EndGlobalSection
EndGlobal
